
Microsoft Visual Studio Solution File, Format Version 12.00
# Visual Studio 15
VisualStudioVersion = 15.0.27421.1
MinimumVisualStudioVersion = 10.0.40219.1
Project("{FAE04EC0-301F-11D3-BF4B-00C04F79EFBC}") = "Plugin", "Plugin\Plugin.csproj", "{FABC38B5-CF9F-45C7-B815-9C69C942CF0F}"
EndProject
Global
	GlobalSection(SolutionConfigurationPlatforms) = preSolution
		Debug|Any CPU = Debug|Any CPU
		Release|Any CPU = Release|Any CPU
	EndGlobalSection
	GlobalSection(ProjectConfigurationPlatforms) = postSolution
		{FABC38B5-CF9F-45C7-B815-9C69C942CF0F}.Debug|Any CPU.ActiveCfg = Debug|Any CPU
		{FABC38B5-CF9F-45C7-B815-9C69C942CF0F}.Debug|Any CPU.Build.0 = Debug|Any CPU
		{FABC38B5-CF9F-45C7-B815-9C69C942CF0F}.Release|Any CPU.ActiveCfg = Release|Any CPU
		{FABC38B5-CF9F-45C7-B815-9C69C942CF0F}.Release|Any CPU.Build.0 = Release|Any CPU
	EndGlobalSection
	GlobalSection(SolutionProperties) = preSolution
		HideSolutionNode = FALSE
	EndGlobalSection
	GlobalSection(ExtensibilityGlobals) = postSolution
		SolutionGuid = {B82840A1-2279-4DBE-A174-56C877FA544E}
	EndGlobalSection
EndGlobal
